
Microsoft Visual Studio Solution File, Format Version 12.00
# Visual Studio Version 17
VisualStudioVersion = 17.10.35027.167
MinimumVisualStudioVersion = 10.0.40219.1
Project("{FAE04EC0-301F-11D3-BF4B-00C04F79EFBC}") = "Funcoes-Sintase", "Funcoes-Sintase\Funcoes-Sintase.csproj", "{27265B50-0438-495F-92B4-E44DD1A8DB8B}"
EndProject
Global
	GlobalSection(SolutionConfigurationPlatforms) = preSolution
		Debug|Any CPU = Debug|Any CPU
		Release|Any CPU = Release|Any CPU
	EndGlobalSection
	GlobalSection(ProjectConfigurationPlatforms) = postSolution
		{27265B50-0438-495F-92B4-E44DD1A8DB8B}.Debug|Any CPU.ActiveCfg = Debug|Any CPU
		{27265B50-0438-495F-92B4-E44DD1A8DB8B}.Debug|Any CPU.Build.0 = Debug|Any CPU
		{27265B50-0438-495F-92B4-E44DD1A8DB8B}.Release|Any CPU.ActiveCfg = Release|Any CPU
		{27265B50-0438-495F-92B4-E44DD1A8DB8B}.Release|Any CPU.Build.0 = Release|Any CPU
	EndGlobalSection
	GlobalSection(SolutionProperties) = preSolution
		HideSolutionNode = FALSE
	EndGlobalSection
	GlobalSection(ExtensibilityGlobals) = postSolution
		SolutionGuid = {5589EBE2-0252-4522-9F2D-270E744DDF7C}
	EndGlobalSection
EndGlobal
